
Microsoft Visual Studio Solution File, Format Version 12.00
# Visual Studio Version 17
VisualStudioVersion = 17.4.33205.214
MinimumVisualStudioVersion = 10.0.40219.1
Project("{FAE04EC0-301F-11D3-BF4B-00C04F79EFBC}") = "SwitchDemoFA2024", "SwitchDemoFA2024.csproj", "{DF8A6737-89BC-40EC-A5B7-3F0D58BDB847}"
EndProject
Global
	GlobalSection(SolutionConfigurationPlatforms) = preSolution
		Debug|Any CPU = Debug|Any CPU
		Release|Any CPU = Release|Any CPU
	EndGlobalSection
	GlobalSection(ProjectConfigurationPlatforms) = postSolution
		{DF8A6737-89BC-40EC-A5B7-3F0D58BDB847}.Debug|Any CPU.ActiveCfg = Debug|Any CPU
		{DF8A6737-89BC-40EC-A5B7-3F0D58BDB847}.Debug|Any CPU.Build.0 = Debug|Any CPU
		{DF8A6737-89BC-40EC-A5B7-3F0D58BDB847}.Release|Any CPU.ActiveCfg = Release|Any CPU
		{DF8A6737-89BC-40EC-A5B7-3F0D58BDB847}.Release|Any CPU.Build.0 = Release|Any CPU
	EndGlobalSection
	GlobalSection(SolutionProperties) = preSolution
		HideSolutionNode = FALSE
	EndGlobalSection
	GlobalSection(ExtensibilityGlobals) = postSolution
		SolutionGuid = {BAB1311D-9254-4A25-B5C8-E2DD7869668B}
	EndGlobalSection
EndGlobal
